
Microsoft Visual Studio Solution File, Format Version 12.00
# Visual Studio Version 17
VisualStudioVersion = 17.7.34221.43
MinimumVisualStudioVersion = 10.0.40219.1
Project("{FAE04EC0-301F-11D3-BF4B-00C04F79EFBC}") = "Rogue", "Rogue.csproj", "{5261948F-C06D-4817-A9DB-4841D9CE4E8D}"
EndProject
Global
	GlobalSection(SolutionConfigurationPlatforms) = preSolution
		Debug|Any CPU = Debug|Any CPU
		Release|Any CPU = Release|Any CPU
	EndGlobalSection
	GlobalSection(ProjectConfigurationPlatforms) = postSolution
		{5261948F-C06D-4817-A9DB-4841D9CE4E8D}.Debug|Any CPU.ActiveCfg = Debug|Any CPU
		{5261948F-C06D-4817-A9DB-4841D9CE4E8D}.Debug|Any CPU.Build.0 = Debug|Any CPU
		{5261948F-C06D-4817-A9DB-4841D9CE4E8D}.Release|Any CPU.ActiveCfg = Release|Any CPU
		{5261948F-C06D-4817-A9DB-4841D9CE4E8D}.Release|Any CPU.Build.0 = Release|Any CPU
	EndGlobalSection
	GlobalSection(SolutionProperties) = preSolution
		HideSolutionNode = FALSE
	EndGlobalSection
	GlobalSection(ExtensibilityGlobals) = postSolution
		SolutionGuid = {92DADE11-73B9-4040-840D-4B0D75BB97AA}
	EndGlobalSection
EndGlobal
